
Microsoft Visual Studio Solution File, Format Version 12.00
# Visual Studio 15
VisualStudioVersion = 15.0.28307.421
MinimumVisualStudioVersion = 10.0.40219.1
Project("{FAE04EC0-301F-11D3-BF4B-00C04F79EFBC}") = "PruebaEF", "PruebaEF\PruebaEF.csproj", "{0C827EC6-156A-4A13-A447-C7A3B80C1BA8}"
EndProject
Global
	GlobalSection(SolutionConfigurationPlatforms) = preSolution
		Debug|Any CPU = Debug|Any CPU
		Release|Any CPU = Release|Any CPU
	EndGlobalSection
	GlobalSection(ProjectConfigurationPlatforms) = postSolution
		{0C827EC6-156A-4A13-A447-C7A3B80C1BA8}.Debug|Any CPU.ActiveCfg = Debug|Any CPU
		{0C827EC6-156A-4A13-A447-C7A3B80C1BA8}.Debug|Any CPU.Build.0 = Debug|Any CPU
		{0C827EC6-156A-4A13-A447-C7A3B80C1BA8}.Release|Any CPU.ActiveCfg = Release|Any CPU
		{0C827EC6-156A-4A13-A447-C7A3B80C1BA8}.Release|Any CPU.Build.0 = Release|Any CPU
	EndGlobalSection
	GlobalSection(SolutionProperties) = preSolution
		HideSolutionNode = FALSE
	EndGlobalSection
	GlobalSection(ExtensibilityGlobals) = postSolution
		SolutionGuid = {3A5763CC-8851-442C-BD50-2142B4CF6A83}
	EndGlobalSection
EndGlobal
